// !$*UTF8*$!
{
	archiveVersion = 1;
	classes = {
	};
	objectVersion = 48;
	objects = {

/* Begin PBXBuildFile section */
		E417ED17A540D65F1C1B7287 /* Pods_UNITON.framework in Frameworks */ = {isa = PBXBuildFile; fileRef = 29A5795D4D805ADFE37502F8 /* Pods_UNITON.framework */; };
		FC03C064201B351700095DDF /* AppDelegate.swift in Sources */ = {isa = PBXBuildFile; fileRef = FC03C063201B351700095DDF /* AppDelegate.swift */; };
		FC03C066201B351700095DDF /* SignViewController.swift in Sources */ = {isa = PBXBuildFile; fileRef = FC03C065201B351700095DDF /* SignViewController.swift */; };
		FC03C069201B351700095DDF /* Main.storyboard in Resources */ = {isa = PBXBuildFile; fileRef = FC03C067201B351700095DDF /* Main.storyboard */; };
		FC03C06B201B351700095DDF /* Assets.xcassets in Resources */ = {isa = PBXBuildFile; fileRef = FC03C06A201B351700095DDF /* Assets.xcassets */; };
		FC03C06E201B351700095DDF /* LaunchScreen.storyboard in Resources */ = {isa = PBXBuildFile; fileRef = FC03C06C201B351700095DDF /* LaunchScreen.storyboard */; };
		FC03C07E201B399B00095DDF /* APIService.swift in Sources */ = {isa = PBXBuildFile; fileRef = FC03C07D201B399B00095DDF /* APIService.swift */; };
		FC03C081201B39C400095DDF /* SignService.swift in Sources */ = {isa = PBXBuildFile; fileRef = FC03C080201B39C400095DDF /* SignService.swift */; };
		FC03C084201B3A4A00095DDF /* ReuseIdentifier.swift in Sources */ = {isa = PBXBuildFile; fileRef = FC03C083201B3A4A00095DDF /* ReuseIdentifier.swift */; };
		FC03C086201B3A6100095DDF /* TaCoExtension.swift in Sources */ = {isa = PBXBuildFile; fileRef = FC03C085201B3A6100095DDF /* TaCoExtension.swift */; };
		FC03C08A201B3ED000095DDF /* Boat_Loader.json in Resources */ = {isa = PBXBuildFile; fileRef = FC03C089201B3ED000095DDF /* Boat_Loader.json */; };
		FC0B8713201C3058002A826F /* RecommendCollectionViewCell.swift in Sources */ = {isa = PBXBuildFile; fileRef = FC0B8711201C3058002A826F /* RecommendCollectionViewCell.swift */; };
		FC0B8714201C3058002A826F /* RecommendCollectionViewCell.xib in Resources */ = {isa = PBXBuildFile; fileRef = FC0B8712201C3058002A826F /* RecommendCollectionViewCell.xib */; };
		FC0B8717201C320F002A826F /* ReviewTableViewCell.swift in Sources */ = {isa = PBXBuildFile; fileRef = FC0B8715201C320F002A826F /* ReviewTableViewCell.swift */; };
		FC0B8718201C320F002A826F /* ReviewTableViewCell.xib in Resources */ = {isa = PBXBuildFile; fileRef = FC0B8716201C320F002A826F /* ReviewTableViewCell.xib */; };
		FC94BE45201C12D40041959F /* AWSSetting.swift in Sources */ = {isa = PBXBuildFile; fileRef = FC94BE44201C12D40041959F /* AWSSetting.swift */; };
		FC94BE47201C166A0041959F /* AWSPolly_TTS.swift in Sources */ = {isa = PBXBuildFile; fileRef = FC94BE46201C166A0041959F /* AWSPolly_TTS.swift */; };
		FC94BE49201C1CB10041959F /* HomeViewController.swift in Sources */ = {isa = PBXBuildFile; fileRef = FC94BE48201C1CB10041959F /* HomeViewController.swift */; };
/* End PBXBuildFile section */

/* Begin PBXFileReference section */
		29A5795D4D805ADFE37502F8 /* Pods_UNITON.framework */ = {isa = PBXFileReference; explicitFileType = wrapper.framework; includeInIndex = 0; path = Pods_UNITON.framework; sourceTree = BUILT_PRODUCTS_DIR; };
		AF3707E33E4649DF1A57E9DB /* Pods-UNITON.release.xcconfig */ = {isa = PBXFileReference; includeInIndex = 1; lastKnownFileType = text.xcconfig; name = "Pods-UNITON.release.xcconfig"; path = "Pods/Target Support Files/Pods-UNITON/Pods-UNITON.release.xcconfig"; sourceTree = "<group>"; };
		C07BC4EEC8E40CE450122128 /* Pods-UNITON.debug.xcconfig */ = {isa = PBXFileReference; includeInIndex = 1; lastKnownFileType = text.xcconfig; name = "Pods-UNITON.debug.xcconfig"; path = "Pods/Target Support Files/Pods-UNITON/Pods-UNITON.debug.xcconfig"; sourceTree = "<group>"; };
		FC03C060201B351700095DDF /* UNITON.app */ = {isa = PBXFileReference; explicitFileType = wrapper.application; includeInIndex = 0; path = UNITON.app; sourceTree = BUILT_PRODUCTS_DIR; };
		FC03C063201B351700095DDF /* AppDelegate.swift */ = {isa = PBXFileReference; lastKnownFileType = sourcecode.swift; path = AppDelegate.swift; sourceTree = "<group>"; };
		FC03C065201B351700095DDF /* SignViewController.swift */ = {isa = PBXFileReference; lastKnownFileType = sourcecode.swift; path = SignViewController.swift; sourceTree = "<group>"; };
		FC03C068201B351700095DDF /* Base */ = {isa = PBXFileReference; lastKnownFileType = file.storyboard; name = Base; path = Base.lproj/Main.storyboard; sourceTree = "<group>"; };
		FC03C06A201B351700095DDF /* Assets.xcassets */ = {isa = PBXFileReference; lastKnownFileType = folder.assetcatalog; path = Assets.xcassets; sourceTree = "<group>"; };
		FC03C06D201B351700095DDF /* Base */ = {isa = PBXFileReference; lastKnownFileType = file.storyboard; name = Base; path = Base.lproj/LaunchScreen.storyboard; sourceTree = "<group>"; };
		FC03C06F201B351700095DDF /* Info.plist */ = {isa = PBXFileReference; lastKnownFileType = text.plist.xml; path = Info.plist; sourceTree = "<group>"; };
		FC03C07D201B399B00095DDF /* APIService.swift */ = {isa = PBXFileReference; lastKnownFileType = sourcecode.swift; path = APIService.swift; sourceTree = "<group>"; };
		FC03C080201B39C400095DDF /* SignService.swift */ = {isa = PBXFileReference; lastKnownFileType = sourcecode.swift; path = SignService.swift; sourceTree = "<group>"; };
		FC03C083201B3A4A00095DDF /* ReuseIdentifier.swift */ = {isa = PBXFileReference; lastKnownFileType = sourcecode.swift; path = ReuseIdentifier.swift; sourceTree = "<group>"; };
		FC03C085201B3A6100095DDF /* TaCoExtension.swift */ = {isa = PBXFileReference; lastKnownFileType = sourcecode.swift; path = TaCoExtension.swift; sourceTree = "<group>"; };
		FC03C089201B3ED000095DDF /* Boat_Loader.json */ = {isa = PBXFileReference; fileEncoding = 4; lastKnownFileType = text.json; path = Boat_Loader.json; sourceTree = "<group>"; };
		FC0B8711201C3058002A826F /* RecommendCollectionViewCell.swift */ = {isa = PBXFileReference; lastKnownFileType = sourcecode.swift; path = RecommendCollectionViewCell.swift; sourceTree = "<group>"; };
		FC0B8712201C3058002A826F /* RecommendCollectionViewCell.xib */ = {isa = PBXFileReference; lastKnownFileType = file.xib; path = RecommendCollectionViewCell.xib; sourceTree = "<group>"; };
		FC0B8715201C320F002A826F /* ReviewTableViewCell.swift */ = {isa = PBXFileReference; lastKnownFileType = sourcecode.swift; path = ReviewTableViewCell.swift; sourceTree = "<group>"; };
		FC0B8716201C320F002A826F /* ReviewTableViewCell.xib */ = {isa = PBXFileReference; lastKnownFileType = file.xib; path = ReviewTableViewCell.xib; sourceTree = "<group>"; };
		FC94BE3D201C024F0041959F /* Bridging_Header.h */ = {isa = PBXFileReference; lastKnownFileType = sourcecode.c.h; path = Bridging_Header.h; sourceTree = "<group>"; };
		FC94BE44201C12D40041959F /* AWSSetting.swift */ = {isa = PBXFileReference; lastKnownFileType = sourcecode.swift; path = AWSSetting.swift; sourceTree = "<group>"; };
		FC94BE46201C166A0041959F /* AWSPolly_TTS.swift */ = {isa = PBXFileReference; lastKnownFileType = sourcecode.swift; path = AWSPolly_TTS.swift; sourceTree = "<group>"; };
		FC94BE48201C1CB10041959F /* HomeViewController.swift */ = {isa = PBXFileReference; lastKnownFileType = sourcecode.swift; path = HomeViewController.swift; sourceTree = "<group>"; };
/* End PBXFileReference section */

/* Begin PBXFrameworksBuildPhase section */
		FC03C05D201B351700095DDF /* Frameworks */ = {
			isa = PBXFrameworksBuildPhase;
			buildActionMask = 2147483647;
			files = (
				E417ED17A540D65F1C1B7287 /* Pods_UNITON.framework in Frameworks */,
			);
			runOnlyForDeploymentPostprocessing = 0;
		};
/* End PBXFrameworksBuildPhase section */

/* Begin PBXGroup section */
		A66EADADF145CACC10459FC7 /* Frameworks */ = {
			isa = PBXGroup;
			children = (
				29A5795D4D805ADFE37502F8 /* Pods_UNITON.framework */,
			);
			name = Frameworks;
			sourceTree = "<group>";
		};
		FC03C057201B351700095DDF = {
			isa = PBXGroup;
			children = (
				FC03C062201B351700095DDF /* UNITON */,
				FC03C061201B351700095DDF /* Products */,
				FE2B7D8B3887FD0FAC65DB29 /* Pods */,
				A66EADADF145CACC10459FC7 /* Frameworks */,
			);
			sourceTree = "<group>";
		};
		FC03C061201B351700095DDF /* Products */ = {
			isa = PBXGroup;
			children = (
				FC03C060201B351700095DDF /* UNITON.app */,
			);
			name = Products;
			sourceTree = "<group>";
		};
		FC03C062201B351700095DDF /* UNITON */ = {
			isa = PBXGroup;
			children = (
				FC03C063201B351700095DDF /* AppDelegate.swift */,
				FC03C07B201B379800095DDF /* Model */,
				FC03C07A201B379200095DDF /* Protocol */,
				FC03C079201B378B00095DDF /* Extension */,
				FC03C078201B377800095DDF /* Cell */,
				FC03C07C201B37AD00095DDF /* Storyboard */,
				FC03C077201B377100095DDF /* ViewControllers */,
				FC03C076201B376B00095DDF /* Style */,
				FC03C075201B375A00095DDF /* Network */,
				FC03C06A201B351700095DDF /* Assets.xcassets */,
				FC03C06F201B351700095DDF /* Info.plist */,
				FC94BE3D201C024F0041959F /* Bridging_Header.h */,
			);
			path = UNITON;
			sourceTree = "<group>";
		};
		FC03C075201B375A00095DDF /* Network */ = {
			isa = PBXGroup;
			children = (
				FC03C07D201B399B00095DDF /* APIService.swift */,
				FC03C080201B39C400095DDF /* SignService.swift */,
				FC94BE46201C166A0041959F /* AWSPolly_TTS.swift */,
			);
			path = Network;
			sourceTree = "<group>";
		};
		FC03C076201B376B00095DDF /* Style */ = {
			isa = PBXGroup;
			children = (
			);
			path = Style;
			sourceTree = "<group>";
		};
		FC03C077201B377100095DDF /* ViewControllers */ = {
			isa = PBXGroup;
			children = (
				FC03C089201B3ED000095DDF /* Boat_Loader.json */,
				FC03C065201B351700095DDF /* SignViewController.swift */,
				FC94BE48201C1CB10041959F /* HomeViewController.swift */,
			);
			path = ViewControllers;
			sourceTree = "<group>";
		};
		FC03C078201B377800095DDF /* Cell */ = {
			isa = PBXGroup;
			children = (
				FC0B8711201C3058002A826F /* RecommendCollectionViewCell.swift */,
				FC0B8712201C3058002A826F /* RecommendCollectionViewCell.xib */,
				FC0B8715201C320F002A826F /* ReviewTableViewCell.swift */,
				FC0B8716201C320F002A826F /* ReviewTableViewCell.xib */,
			);
			path = Cell;
			sourceTree = "<group>";
		};
		FC03C079201B378B00095DDF /* Extension */ = {
			isa = PBXGroup;
			children = (
				FC03C083201B3A4A00095DDF /* ReuseIdentifier.swift */,
				FC03C085201B3A6100095DDF /* TaCoExtension.swift */,
			);
			path = Extension;
			sourceTree = "<group>";
		};
		FC03C07A201B379200095DDF /* Protocol */ = {
			isa = PBXGroup;
			children = (
			);
			path = Protocol;
			sourceTree = "<group>";
		};
		FC03C07B201B379800095DDF /* Model */ = {
			isa = PBXGroup;
			children = (
				FC94BE44201C12D40041959F /* AWSSetting.swift */,
			);
			path = Model;
			sourceTree = "<group>";
		};
		FC03C07C201B37AD00095DDF /* Storyboard */ = {
			isa = PBXGroup;
			children = (
				FC03C06C201B351700095DDF /* LaunchScreen.storyboard */,
				FC03C067201B351700095DDF /* Main.storyboard */,
			);
			path = Storyboard;
			sourceTree = "<group>";
		};
		FE2B7D8B3887FD0FAC65DB29 /* Pods */ = {
			isa = PBXGroup;
			children = (
				C07BC4EEC8E40CE450122128 /* Pods-UNITON.debug.xcconfig */,
				AF3707E33E4649DF1A57E9DB /* Pods-UNITON.release.xcconfig */,
			);
			name = Pods;
			sourceTree = "<group>";
		};
/* End PBXGroup section */

/* Begin PBXNativeTarget section */
		FC03C05F201B351700095DDF /* UNITON */ = {
			isa = PBXNativeTarget;
			buildConfigurationList = FC03C072201B351700095DDF /* Build configuration list for PBXNativeTarget "UNITON" */;
			buildPhases = (
				6CF122EB9AA26B7F0F9D58D9 /* [CP] Check Pods Manifest.lock */,
				FC03C05C201B351700095DDF /* Sources */,
				FC03C05D201B351700095DDF /* Frameworks */,
				FC03C05E201B351700095DDF /* Resources */,
				2DFF0721DC55A45E59E0AC8B /* [CP] Embed Pods Frameworks */,
				5AF84B2282F31663F9F7DAEC /* [CP] Copy Pods Resources */,
			);
			buildRules = (
			);
			dependencies = (
			);
			name = UNITON;
			productName = UNITON;
			productReference = FC03C060201B351700095DDF /* UNITON.app */;
			productType = "com.apple.product-type.application";
		};
/* End PBXNativeTarget section */

/* Begin PBXProject section */
		FC03C058201B351700095DDF /* Project object */ = {
			isa = PBXProject;
			attributes = {
				LastSwiftUpdateCheck = 0920;
				LastUpgradeCheck = 0920;
				ORGANIZATIONNAME = "이광용";
				TargetAttributes = {
					FC03C05F201B351700095DDF = {
						CreatedOnToolsVersion = 9.2;
						ProvisioningStyle = Automatic;
					};
				};
			};
			buildConfigurationList = FC03C05B201B351700095DDF /* Build configuration list for PBXProject "UNITON" */;
			compatibilityVersion = "Xcode 8.0";
			developmentRegion = en;
			hasScannedForEncodings = 0;
			knownRegions = (
				en,
				Base,
			);
			mainGroup = FC03C057201B351700095DDF;
			productRefGroup = FC03C061201B351700095DDF /* Products */;
			projectDirPath = "";
			projectRoot = "";
			targets = (
				FC03C05F201B351700095DDF /* UNITON */,
			);
		};
/* End PBXProject section */

/* Begin PBXResourcesBuildPhase section */
		FC03C05E201B351700095DDF /* Resources */ = {
			isa = PBXResourcesBuildPhase;
			buildActionMask = 2147483647;
			files = (
				FC03C08A201B3ED000095DDF /* Boat_Loader.json in Resources */,
				FC03C06E201B351700095DDF /* LaunchScreen.storyboard in Resources */,
				FC03C06B201B351700095DDF /* Assets.xcassets in Resources */,
				FC0B8718201C320F002A826F /* ReviewTableViewCell.xib in Resources */,
				FC0B8714201C3058002A826F /* RecommendCollectionViewCell.xib in Resources */,
				FC03C069201B351700095DDF /* Main.storyboard in Resources */,
			);
			runOnlyForDeploymentPostprocessing = 0;
		};
/* End PBXResourcesBuildPhase section */

/* Begin PBXShellScriptBuildPhase section */
		2DFF0721DC55A45E59E0AC8B /* [CP] Embed Pods Frameworks */ = {
			isa = PBXShellScriptBuildPhase;
			buildActionMask = 2147483647;
			files = (
			);
			inputPaths = (
				"${SRCROOT}/Pods/Target Support Files/Pods-UNITON/Pods-UNITON-frameworks.sh",
				"${BUILT_PRODUCTS_DIR}/AWSAuthCore/AWSAuthCore.framework",
				"${BUILT_PRODUCTS_DIR}/AWSCognito/AWSCognito.framework",
				"${BUILT_PRODUCTS_DIR}/AWSCognitoIdentityProvider/AWSCognitoIdentityProvider.framework",
				"${BUILT_PRODUCTS_DIR}/AWSCognitoIdentityProviderASF/AWSCognitoIdentityProviderASF.framework",
				"${BUILT_PRODUCTS_DIR}/AWSCore/AWSCore.framework",
				"${BUILT_PRODUCTS_DIR}/AWSMobileClient/AWSMobileClient.framework",
				"${BUILT_PRODUCTS_DIR}/AWSPolly/AWSPolly.framework",
				"${BUILT_PRODUCTS_DIR}/Alamofire/Alamofire.framework",
				"${BUILT_PRODUCTS_DIR}/Kingfisher/Kingfisher.framework",
				"${BUILT_PRODUCTS_DIR}/Realm/Realm.framework",
				"${BUILT_PRODUCTS_DIR}/RealmSwift/RealmSwift.framework",
				"${BUILT_PRODUCTS_DIR}/SwiftyJSON/SwiftyJSON.framework",
				"${BUILT_PRODUCTS_DIR}/lottie-ios/Lottie.framework",
				"${PODS_ROOT}/naveridlogin-sdk-ios/NaverThirdPartyLogin.framework",
			);
			name = "[CP] Embed Pods Frameworks";
			outputPaths = (
				"${TARGET_BUILD_DIR}/${FRAMEWORKS_FOLDER_PATH}/AWSAuthCore.framework",
				"${TARGET_BUILD_DIR}/${FRAMEWORKS_FOLDER_PATH}/AWSCognito.framework",
				"${TARGET_BUILD_DIR}/${FRAMEWORKS_FOLDER_PATH}/AWSCognitoIdentityProvider.framework",
				"${TARGET_BUILD_DIR}/${FRAMEWORKS_FOLDER_PATH}/AWSCognitoIdentityProviderASF.framework",
				"${TARGET_BUILD_DIR}/${FRAMEWORKS_FOLDER_PATH}/AWSCore.framework",
				"${TARGET_BUILD_DIR}/${FRAMEWORKS_FOLDER_PATH}/AWSMobileClient.framework",
				"${TARGET_BUILD_DIR}/${FRAMEWORKS_FOLDER_PATH}/AWSPolly.framework",
				"${TARGET_BUILD_DIR}/${FRAMEWORKS_FOLDER_PATH}/Alamofire.framework",
				"${TARGET_BUILD_DIR}/${FRAMEWORKS_FOLDER_PATH}/Kingfisher.framework",
				"${TARGET_BUILD_DIR}/${FRAMEWORKS_FOLDER_PATH}/Realm.framework",
				"${TARGET_BUILD_DIR}/${FRAMEWORKS_FOLDER_PATH}/RealmSwift.framework",
				"${TARGET_BUILD_DIR}/${FRAMEWORKS_FOLDER_PATH}/SwiftyJSON.framework",
				"${TARGET_BUILD_DIR}/${FRAMEWORKS_FOLDER_PATH}/Lottie.framework",
				"${TARGET_BUILD_DIR}/${FRAMEWORKS_FOLDER_PATH}/NaverThirdPartyLogin.framework",
			);
			runOnlyForDeploymentPostprocessing = 0;
			shellPath = /bin/sh;
			shellScript = "\"${SRCROOT}/Pods/Target Support Files/Pods-UNITON/Pods-UNITON-frameworks.sh\"\n";
			showEnvVarsInLog = 0;
		};
		5AF84B2282F31663F9F7DAEC /* [CP] Copy Pods Resources */ = {
			isa = PBXShellScriptBuildPhase;
			buildActionMask = 2147483647;
			files = (
			);
			inputPaths = (
			);
			name = "[CP] Copy Pods Resources";
			outputPaths = (
			);
			runOnlyForDeploymentPostprocessing = 0;
			shellPath = /bin/sh;
			shellScript = "\"${SRCROOT}/Pods/Target Support Files/Pods-UNITON/Pods-UNITON-resources.sh\"\n";
			showEnvVarsInLog = 0;
		};
		6CF122EB9AA26B7F0F9D58D9 /* [CP] Check Pods Manifest.lock */ = {
			isa = PBXShellScriptBuildPhase;
			buildActionMask = 2147483647;
			files = (
			);
			inputPaths = (
				"${PODS_PODFILE_DIR_PATH}/Podfile.lock",
				"${PODS_ROOT}/Manifest.lock",
			);
			name = "[CP] Check Pods Manifest.lock";
			outputPaths = (
				"$(DERIVED_FILE_DIR)/Pods-UNITON-checkManifestLockResult.txt",
			);
			runOnlyForDeploymentPostprocessing = 0;
			shellPath = /bin/sh;
			shellScript = "diff \"${PODS_PODFILE_DIR_PATH}/Podfile.lock\" \"${PODS_ROOT}/Manifest.lock\" > /dev/null\nif [ $? != 0 ] ; then\n    # print error to STDERR\n    echo \"error: The sandbox is not in sync with the Podfile.lock. Run 'pod install' or update your CocoaPods installation.\" >&2\n    exit 1\nfi\n# This output is used by Xcode 'outputs' to avoid re-running this script phase.\necho \"SUCCESS\" > \"${SCRIPT_OUTPUT_FILE_0}\"\n";
			showEnvVarsInLog = 0;
		};
/* End PBXShellScriptBuildPhase section */

/* Begin PBXSourcesBuildPhase section */
		FC03C05C201B351700095DDF /* Sources */ = {
			isa = PBXSourcesBuildPhase;
			buildActionMask = 2147483647;
			files = (
				FC03C066201B351700095DDF /* SignViewController.swift in Sources */,
				FC0B8713201C3058002A826F /* RecommendCollectionViewCell.swift in Sources */,
				FC94BE45201C12D40041959F /* AWSSetting.swift in Sources */,
				FC03C07E201B399B00095DDF /* APIService.swift in Sources */,
				FC03C081201B39C400095DDF /* SignService.swift in Sources */,
				FC94BE47201C166A0041959F /* AWSPolly_TTS.swift in Sources */,
				FC0B8717201C320F002A826F /* ReviewTableViewCell.swift in Sources */,
				FC94BE49201C1CB10041959F /* HomeViewController.swift in Sources */,
				FC03C084201B3A4A00095DDF /* ReuseIdentifier.swift in Sources */,
				FC03C086201B3A6100095DDF /* TaCoExtension.swift in Sources */,
				FC03C064201B351700095DDF /* AppDelegate.swift in Sources */,
			);
			runOnlyForDeploymentPostprocessing = 0;
		};
/* End PBXSourcesBuildPhase section */

/* Begin PBXVariantGroup section */
		FC03C067201B351700095DDF /* Main.storyboard */ = {
			isa = PBXVariantGroup;
			children = (
				FC03C068201B351700095DDF /* Base */,
			);
			name = Main.storyboard;
			sourceTree = "<group>";
		};
		FC03C06C201B351700095DDF /* LaunchScreen.storyboard */ = {
			isa = PBXVariantGroup;
			children = (
				FC03C06D201B351700095DDF /* Base */,
			);
			name = LaunchScreen.storyboard;
			sourceTree = "<group>";
		};
/* End PBXVariantGroup section */

/* Begin XCBuildConfiguration section */
		FC03C070201B351700095DDF /* Debug */ = {
			isa = XCBuildConfiguration;
			buildSettings = {
				ALWAYS_SEARCH_USER_PATHS = NO;
				CLANG_ANALYZER_NONNULL = YES;
				CLANG_ANALYZER_NUMBER_OBJECT_CONVERSION = YES_AGGRESSIVE;
				CLANG_CXX_LANGUAGE_STANDARD = "gnu++14";
				CLANG_CXX_LIBRARY = "libc++";
				CLANG_ENABLE_MODULES = YES;
				CLANG_ENABLE_OBJC_ARC = YES;
				CLANG_WARN_BLOCK_CAPTURE_AUTORELEASING = YES;
				CLANG_WARN_BOOL_CONVERSION = YES;
				CLANG_WARN_COMMA = YES;
				CLANG_WARN_CONSTANT_CONVERSION = YES;
				CLANG_WARN_DIRECT_OBJC_ISA_USAGE = YES_ERROR;
				CLANG_WARN_DOCUMENTATION_COMMENTS = YES;
				CLANG_WARN_EMPTY_BODY = YES;
				CLANG_WARN_ENUM_CONVERSION = YES;
				CLANG_WARN_INFINITE_RECURSION = YES;
				CLANG_WARN_INT_CONVERSION = YES;
				CLANG_WARN_NON_LITERAL_NULL_CONVERSION = YES;
				CLANG_WARN_OBJC_LITERAL_CONVERSION = YES;
				CLANG_WARN_OBJC_ROOT_CLASS = YES_ERROR;
				CLANG_WARN_RANGE_LOOP_ANALYSIS = YES;
				CLANG_WARN_STRICT_PROTOTYPES = YES;
				CLANG_WARN_SUSPICIOUS_MOVE = YES;
				CLANG_WARN_UNGUARDED_AVAILABILITY = YES_AGGRESSIVE;
				CLANG_WARN_UNREACHABLE_CODE = YES;
				CLANG_WARN__DUPLICATE_METHOD_MATCH = YES;
				CODE_SIGN_IDENTITY = "iPhone Developer";
				COPY_PHASE_STRIP = NO;
				DEBUG_INFORMATION_FORMAT = dwarf;
				ENABLE_STRICT_OBJC_MSGSEND = YES;
				ENABLE_TESTABILITY = YES;
				GCC_C_LANGUAGE_STANDARD = gnu11;
				GCC_DYNAMIC_NO_PIC = NO;
				GCC_NO_COMMON_BLOCKS = YES;
				GCC_OPTIMIZATION_LEVEL = 0;
				GCC_PREPROCESSOR_DEFINITIONS = (
					"DEBUG=1",
					"$(inherited)",
				);
				GCC_WARN_64_TO_32_BIT_CONVERSION = YES;
				GCC_WARN_ABOUT_RETURN_TYPE = YES_ERROR;
				GCC_WARN_UNDECLARED_SELECTOR = YES;
				GCC_WARN_UNINITIALIZED_AUTOS = YES_AGGRESSIVE;
				GCC_WARN_UNUSED_FUNCTION = YES;
				GCC_WARN_UNUSED_VARIABLE = YES;
				IPHONEOS_DEPLOYMENT_TARGET = 11.2;
				MTL_ENABLE_DEBUG_INFO = YES;
				ONLY_ACTIVE_ARCH = YES;
				SDKROOT = iphoneos;
				SWIFT_ACTIVE_COMPILATION_CONDITIONS = DEBUG;
				SWIFT_OPTIMIZATION_LEVEL = "-Onone";
			};
			name = Debug;
		};
		FC03C071201B351700095DDF /* Release */ = {
			isa = XCBuildConfiguration;
			buildSettings = {
				ALWAYS_SEARCH_USER_PATHS = NO;
				CLANG_ANALYZER_NONNULL = YES;
				CLANG_ANALYZER_NUMBER_OBJECT_CONVERSION = YES_AGGRESSIVE;
				CLANG_CXX_LANGUAGE_STANDARD = "gnu++14";
				CLANG_CXX_LIBRARY = "libc++";
				CLANG_ENABLE_MODULES = YES;
				CLANG_ENABLE_OBJC_ARC = YES;
				CLANG_WARN_BLOCK_CAPTURE_AUTORELEASING = YES;
				CLANG_WARN_BOOL_CONVERSION = YES;
				CLANG_WARN_COMMA = YES;
				CLANG_WARN_CONSTANT_CONVERSION = YES;
				CLANG_WARN_DIRECT_OBJC_ISA_USAGE = YES_ERROR;
				CLANG_WARN_DOCUMENTATION_COMMENTS = YES;
				CLANG_WARN_EMPTY_BODY = YES;
				CLANG_WARN_ENUM_CONVERSION = YES;
				CLANG_WARN_INFINITE_RECURSION = YES;
				CLANG_WARN_INT_CONVERSION = YES;
				CLANG_WARN_NON_LITERAL_NULL_CONVERSION = YES;
				CLANG_WARN_OBJC_LITERAL_CONVERSION = YES;
				CLANG_WARN_OBJC_ROOT_CLASS = YES_ERROR;
				CLANG_WARN_RANGE_LOOP_ANALYSIS = YES;
				CLANG_WARN_STRICT_PROTOTYPES = YES;
				CLANG_WARN_SUSPICIOUS_MOVE = YES;
				CLANG_WARN_UNGUARDED_AVAILABILITY = YES_AGGRESSIVE;
				CLANG_WARN_UNREACHABLE_CODE = YES;
				CLANG_WARN__DUPLICATE_METHOD_MATCH = YES;
				CODE_SIGN_IDENTITY = "iPhone Developer";
				COPY_PHASE_STRIP = NO;
				DEBUG_INFORMATION_FORMAT = "dwarf-with-dsym";
				ENABLE_NS_ASSERTIONS = NO;
				ENABLE_STRICT_OBJC_MSGSEND = YES;
				GCC_C_LANGUAGE_STANDARD = gnu11;
				GCC_NO_COMMON_BLOCKS = YES;
				GCC_WARN_64_TO_32_BIT_CONVERSION = YES;
				GCC_WARN_ABOUT_RETURN_TYPE = YES_ERROR;
				GCC_WARN_UNDECLARED_SELECTOR = YES;
				GCC_WARN_UNINITIALIZED_AUTOS = YES_AGGRESSIVE;
				GCC_WARN_UNUSED_FUNCTION = YES;
				GCC_WARN_UNUSED_VARIABLE = YES;
				IPHONEOS_DEPLOYMENT_TARGET = 11.2;
				MTL_ENABLE_DEBUG_INFO = NO;
				SDKROOT = iphoneos;
				SWIFT_OPTIMIZATION_LEVEL = "-Owholemodule";
				VALIDATE_PRODUCT = YES;
			};
			name = Release;
		};
		FC03C073201B351700095DDF /* Debug */ = {
			isa = XCBuildConfiguration;
			baseConfigurationReference = C07BC4EEC8E40CE450122128 /* Pods-UNITON.debug.xcconfig */;
			buildSettings = {
				ASSETCATALOG_COMPILER_APPICON_NAME = AppIcon;
				CODE_SIGN_STYLE = Automatic;
				DEVELOPMENT_TEAM = EPWV8KDDJE;
				INFOPLIST_FILE = UNITON/Info.plist;
				LD_RUNPATH_SEARCH_PATHS = "$(inherited) @executable_path/Frameworks";
				PRODUCT_BUNDLE_IDENTIFIER = com.VPLATE.UNITON;
				PRODUCT_NAME = "$(TARGET_NAME)";
				SWIFT_OBJC_BRIDGING_HEADER = "";
				SWIFT_VERSION = 4.0;
				TARGETED_DEVICE_FAMILY = "1,2";
			};
			name = Debug;
		};
		FC03C074201B351700095DDF /* Release */ = {
			isa = XCBuildConfiguration;
			baseConfigurationReference = AF3707E33E4649DF1A57E9DB /* Pods-UNITON.release.xcconfig */;
			buildSettings = {
				ASSETCATALOG_COMPILER_APPICON_NAME = AppIcon;
				CODE_SIGN_STYLE = Automatic;
				DEVELOPMENT_TEAM = EPWV8KDDJE;
				INFOPLIST_FILE = UNITON/Info.plist;
				LD_RUNPATH_SEARCH_PATHS = "$(inherited) @executable_path/Frameworks";
				PRODUCT_BUNDLE_IDENTIFIER = com.VPLATE.UNITON;
				PRODUCT_NAME = "$(TARGET_NAME)";
				SWIFT_OBJC_BRIDGING_HEADER = "";
				SWIFT_VERSION = 4.0;
				TARGETED_DEVICE_FAMILY = "1,2";
			};
			name = Release;
		};
/* End XCBuildConfiguration section */

/* Begin XCConfigurationList section */
		FC03C05B201B351700095DDF /* Build configuration list for PBXProject "UNITON" */ = {
			isa = XCConfigurationList;
			buildConfigurations = (
				FC03C070201B351700095DDF /* Debug */,
				FC03C071201B351700095DDF /* Release */,
			);
			defaultConfigurationIsVisible = 0;
			defaultConfigurationName = Release;
		};
		FC03C072201B351700095DDF /* Build configuration list for PBXNativeTarget "UNITON" */ = {
			isa = XCConfigurationList;
			buildConfigurations = (
				FC03C073201B351700095DDF /* Debug */,
				FC03C074201B351700095DDF /* Release */,
			);
			defaultConfigurationIsVisible = 0;
			defaultConfigurationName = Release;
		};
/* End XCConfigurationList section */
	};
	rootObject = FC03C058201B351700095DDF /* Project object */;
}
